// !$*UTF8*$!
{
	archiveVersion = 1;
	classes = {
	};
	objectVersion = 50;
	objects = {

/* Begin PBXBuildFile section */
		39696EEA228FD90E003084BD /* AppDelegate.m in Sources */ = {isa = PBXBuildFile; fileRef = 39696EE9228FD90E003084BD /* AppDelegate.m */; };
		39696EED228FD90E003084BD /* MainViewController.m in Sources */ = {isa = PBXBuildFile; fileRef = 39696EEC228FD90E003084BD /* MainViewController.m */; };
		39696EF0228FD90E003084BD /* Main.storyboard in Resources */ = {isa = PBXBuildFile; fileRef = 39696EEE228FD90E003084BD /* Main.storyboard */; };
		39696EF2228FD90F003084BD /* Assets.xcassets in Resources */ = {isa = PBXBuildFile; fileRef = 39696EF1228FD90F003084BD /* Assets.xcassets */; };
		39696EF5228FD90F003084BD /* LaunchScreen.storyboard in Resources */ = {isa = PBXBuildFile; fileRef = 39696EF3228FD90F003084BD /* LaunchScreen.storyboard */; };
		39696EF8228FD90F003084BD /* main.m in Sources */ = {isa = PBXBuildFile; fileRef = 39696EF7228FD90F003084BD /* main.m */; };
		39696F54228FE2D5003084BD /* libsodium.a in Frameworks */ = {isa = PBXBuildFile; fileRef = 39696F53228FE2D5003084BD /* libsodium.a */; };
		39696F57228FE4CB003084BD /* X25519Key.m in Sources */ = {isa = PBXBuildFile; fileRef = 39696F56228FE4CB003084BD /* X25519Key.m */; };
		39696F5E228FED93003084BD /* NSData+Helper.m in Sources */ = {isa = PBXBuildFile; fileRef = 39696F5D228FED93003084BD /* NSData+Helper.m */; };
		39696F61228FF548003084BD /* NSString+Helper.m in Sources */ = {isa = PBXBuildFile; fileRef = 39696F60228FF548003084BD /* NSString+Helper.m */; };
		39696F642290910B003084BD /* X25519KeySpec.m in Sources */ = {isa = PBXBuildFile; fileRef = 39696F632290910B003084BD /* X25519KeySpec.m */; };
/* End PBXBuildFile section */

/* Begin PBXContainerItemProxy section */
		39696EFE228FD90F003084BD /* PBXContainerItemProxy */ = {
			isa = PBXContainerItemProxy;
			containerPortal = 39696EDD228FD90E003084BD /* Project object */;
			proxyType = 1;
			remoteGlobalIDString = 39696EE4228FD90E003084BD;
			remoteInfo = AgeMobileClient;
		};
/* End PBXContainerItemProxy section */

/* Begin PBXFileReference section */
		39696EE5228FD90E003084BD /* AgeMobileClient.app */ = {isa = PBXFileReference; explicitFileType = wrapper.application; includeInIndex = 0; path = AgeMobileClient.app; sourceTree = BUILT_PRODUCTS_DIR; };
		39696EE8228FD90E003084BD /* AppDelegate.h */ = {isa = PBXFileReference; lastKnownFileType = sourcecode.c.h; path = AppDelegate.h; sourceTree = "<group>"; };
		39696EE9228FD90E003084BD /* AppDelegate.m */ = {isa = PBXFileReference; lastKnownFileType = sourcecode.c.objc; path = AppDelegate.m; sourceTree = "<group>"; };
		39696EEB228FD90E003084BD /* MainViewController.h */ = {isa = PBXFileReference; lastKnownFileType = sourcecode.c.h; path = MainViewController.h; sourceTree = "<group>"; };
		39696EEC228FD90E003084BD /* MainViewController.m */ = {isa = PBXFileReference; lastKnownFileType = sourcecode.c.objc; path = MainViewController.m; sourceTree = "<group>"; };
		39696EEF228FD90E003084BD /* Base */ = {isa = PBXFileReference; lastKnownFileType = file.storyboard; name = Base; path = Base.lproj/Main.storyboard; sourceTree = "<group>"; };
		39696EF1228FD90F003084BD /* Assets.xcassets */ = {isa = PBXFileReference; lastKnownFileType = folder.assetcatalog; path = Assets.xcassets; sourceTree = "<group>"; };
		39696EF4228FD90F003084BD /* Base */ = {isa = PBXFileReference; lastKnownFileType = file.storyboard; name = Base; path = Base.lproj/LaunchScreen.storyboard; sourceTree = "<group>"; };
		39696EF6228FD90F003084BD /* Info.plist */ = {isa = PBXFileReference; lastKnownFileType = text.plist.xml; path = Info.plist; sourceTree = "<group>"; };
		39696EF7228FD90F003084BD /* main.m */ = {isa = PBXFileReference; lastKnownFileType = sourcecode.c.objc; path = main.m; sourceTree = "<group>"; };
		39696EFD228FD90F003084BD /* AgeMobileClientTests.xctest */ = {isa = PBXFileReference; explicitFileType = wrapper.cfbundle; includeInIndex = 0; path = AgeMobileClientTests.xctest; sourceTree = BUILT_PRODUCTS_DIR; };
		39696F03228FD90F003084BD /* Info.plist */ = {isa = PBXFileReference; lastKnownFileType = text.plist.xml; path = Info.plist; sourceTree = "<group>"; };
		39696F15228FE2D5003084BD /* crypto_stream_salsa2012.h */ = {isa = PBXFileReference; fileEncoding = 4; lastKnownFileType = sourcecode.c.h; path = crypto_stream_salsa2012.h; sourceTree = "<group>"; };
		39696F16228FE2D5003084BD /* crypto_auth.h */ = {isa = PBXFileReference; fileEncoding = 4; lastKnownFileType = sourcecode.c.h; path = crypto_auth.h; sourceTree = "<group>"; };
		39696F17228FE2D5003084BD /* utils.h */ = {isa = PBXFileReference; fileEncoding = 4; lastKnownFileType = sourcecode.c.h; path = utils.h; sourceTree = "<group>"; };
		39696F18228FE2D5003084BD /* crypto_core_hchacha20.h */ = {isa = PBXFileReference; fileEncoding = 4; lastKnownFileType = sourcecode.c.h; path = crypto_core_hchacha20.h; sourceTree = "<group>"; };
		39696F19228FE2D5003084BD /* crypto_hash_sha512.h */ = {isa = PBXFileReference; fileEncoding = 4; lastKnownFileType = sourcecode.c.h; path = crypto_hash_sha512.h; sourceTree = "<group>"; };
		39696F1A228FE2D5003084BD /* core.h */ = {isa = PBXFileReference; fileEncoding = 4; lastKnownFileType = sourcecode.c.h; path = core.h; sourceTree = "<group>"; };
		39696F1B228FE2D5003084BD /* version.h */ = {isa = PBXFileReference; fileEncoding = 4; lastKnownFileType = sourcecode.c.h; path = version.h; sourceTree = "<group>"; };
		39696F1C228FE2D5003084BD /* export.h */ = {isa = PBXFileReference; fileEncoding = 4; lastKnownFileType = sourcecode.c.h; path = export.h; sourceTree = "<group>"; };
		39696F1D228FE2D5003084BD /* randombytes_salsa20_random.h */ = {isa = PBXFileReference; fileEncoding = 4; lastKnownFileType = sourcecode.c.h; path = randombytes_salsa20_random.h; sourceTree = "<group>"; };
		39696F1E228FE2D5003084BD /* crypto_core_salsa20.h */ = {isa = PBXFileReference; fileEncoding = 4; lastKnownFileType = sourcecode.c.h; path = crypto_core_salsa20.h; sourceTree = "<group>"; };
		39696F1F228FE2D5003084BD /* crypto_shorthash_siphash24.h */ = {isa = PBXFileReference; fileEncoding = 4; lastKnownFileType = sourcecode.c.h; path = crypto_shorthash_siphash24.h; sourceTree = "<group>"; };
		39696F20228FE2D5003084BD /* randombytes.h */ = {isa = PBXFileReference; fileEncoding = 4; lastKnownFileType = sourcecode.c.h; path = randombytes.h; sourceTree = "<group>"; };
		39696F21228FE2D5003084BD /* crypto_hash_sha256.h */ = {isa = PBXFileReference; fileEncoding = 4; lastKnownFileType = sourcecode.c.h; path = crypto_hash_sha256.h; sourceTree = "<group>"; };
		39696F22228FE2D5003084BD /* crypto_stream.h */ = {isa = PBXFileReference; fileEncoding = 4; lastKnownFileType = sourcecode.c.h; path = crypto_stream.h; sourceTree = "<group>"; };
		39696F23228FE2D5003084BD /* crypto_auth_hmacsha512.h */ = {isa = PBXFileReference; fileEncoding = 4; lastKnownFileType = sourcecode.c.h; path = crypto_auth_hmacsha512.h; sourceTree = "<group>"; };
		39696F24228FE2D5003084BD /* crypto_aead_xchacha20poly1305.h */ = {isa = PBXFileReference; fileEncoding = 4; lastKnownFileType = sourcecode.c.h; path = crypto_aead_xchacha20poly1305.h; sourceTree = "<group>"; };
		39696F25228FE2D5003084BD /* crypto_stream_salsa20.h */ = {isa = PBXFileReference; fileEncoding = 4; lastKnownFileType = sourcecode.c.h; path = crypto_stream_salsa20.h; sourceTree = "<group>"; };
		39696F26228FE2D5003084BD /* crypto_onetimeauth_poly1305.h */ = {isa = PBXFileReference; fileEncoding = 4; lastKnownFileType = sourcecode.c.h; path = crypto_onetimeauth_poly1305.h; sourceTree = "<group>"; };
		39696F27228FE2D5003084BD /* crypto_kx.h */ = {isa = PBXFileReference; fileEncoding = 4; lastKnownFileType = sourcecode.c.h; path = crypto_kx.h; sourceTree = "<group>"; };
		39696F28228FE2D5003084BD /* crypto_hash.h */ = {isa = PBXFileReference; fileEncoding = 4; lastKnownFileType = sourcecode.c.h; path = crypto_hash.h; sourceTree = "<group>"; };
		39696F29228FE2D5003084BD /* crypto_sign.h */ = {isa = PBXFileReference; fileEncoding = 4; lastKnownFileType = sourcecode.c.h; path = crypto_sign.h; sourceTree = "<group>"; };
		39696F2A228FE2D5003084BD /* crypto_kdf.h */ = {isa = PBXFileReference; fileEncoding = 4; lastKnownFileType = sourcecode.c.h; path = crypto_kdf.h; sourceTree = "<group>"; };
		39696F2B228FE2D5003084BD /* crypto_auth_hmacsha256.h */ = {isa = PBXFileReference; fileEncoding = 4; lastKnownFileType = sourcecode.c.h; path = crypto_auth_hmacsha256.h; sourceTree = "<group>"; };
		39696F2C228FE2D5003084BD /* crypto_box.h */ = {isa = PBXFileReference; fileEncoding = 4; lastKnownFileType = sourcecode.c.h; path = crypto_box.h; sourceTree = "<group>"; };
		39696F2D228FE2D5003084BD /* crypto_verify_32.h */ = {isa = PBXFileReference; fileEncoding = 4; lastKnownFileType = sourcecode.c.h; path = crypto_verify_32.h; sourceTree = "<group>"; };
		39696F2E228FE2D5003084BD /* crypto_stream_xchacha20.h */ = {isa = PBXFileReference; fileEncoding = 4; lastKnownFileType = sourcecode.c.h; path = crypto_stream_xchacha20.h; sourceTree = "<group>"; };
		39696F2F228FE2D5003084BD /* crypto_core_salsa208.h */ = {isa = PBXFileReference; fileEncoding = 4; lastKnownFileType = sourcecode.c.h; path = crypto_core_salsa208.h; sourceTree = "<group>"; };
		39696F30228FE2D5003084BD /* crypto_auth_hmacsha512256.h */ = {isa = PBXFileReference; fileEncoding = 4; lastKnownFileType = sourcecode.c.h; path = crypto_auth_hmacsha512256.h; sourceTree = "<group>"; };
		39696F31228FE2D5003084BD /* crypto_aead_chacha20poly1305.h */ = {isa = PBXFileReference; fileEncoding = 4; lastKnownFileType = sourcecode.c.h; path = crypto_aead_chacha20poly1305.h; sourceTree = "<group>"; };
		39696F32228FE2D5003084BD /* randombytes_sysrandom.h */ = {isa = PBXFileReference; fileEncoding = 4; lastKnownFileType = sourcecode.c.h; path = randombytes_sysrandom.h; sourceTree = "<group>"; };
		39696F33228FE2D5003084BD /* runtime.h */ = {isa = PBXFileReference; fileEncoding = 4; lastKnownFileType = sourcecode.c.h; path = runtime.h; sourceTree = "<group>"; };
		39696F34228FE2D5003084BD /* crypto_stream_salsa208.h */ = {isa = PBXFileReference; fileEncoding = 4; lastKnownFileType = sourcecode.c.h; path = crypto_stream_salsa208.h; sourceTree = "<group>"; };
		39696F35228FE2D5003084BD /* crypto_aead_aes256gcm.h */ = {isa = PBXFileReference; fileEncoding = 4; lastKnownFileType = sourcecode.c.h; path = crypto_aead_aes256gcm.h; sourceTree = "<group>"; };
		39696F36228FE2D5003084BD /* crypto_core_salsa2012.h */ = {isa = PBXFileReference; fileEncoding = 4; lastKnownFileType = sourcecode.c.h; path = crypto_core_salsa2012.h; sourceTree = "<group>"; };
		39696F37228FE2D5003084BD /* crypto_secretbox_xchacha20poly1305.h */ = {isa = PBXFileReference; fileEncoding = 4; lastKnownFileType = sourcecode.c.h; path = crypto_secretbox_xchacha20poly1305.h; sourceTree = "<group>"; };
		39696F38228FE2D5003084BD /* crypto_scalarmult.h */ = {isa = PBXFileReference; fileEncoding = 4; lastKnownFileType = sourcecode.c.h; path = crypto_scalarmult.h; sourceTree = "<group>"; };
		39696F39228FE2D5003084BD /* crypto_pwhash.h */ = {isa = PBXFileReference; fileEncoding = 4; lastKnownFileType = sourcecode.c.h; path = crypto_pwhash.h; sourceTree = "<group>"; };
		39696F3A228FE2D5003084BD /* crypto_verify_16.h */ = {isa = PBXFileReference; fileEncoding = 4; lastKnownFileType = sourcecode.c.h; path = crypto_verify_16.h; sourceTree = "<group>"; };
		39696F3B228FE2D5003084BD /* crypto_stream_chacha20.h */ = {isa = PBXFileReference; fileEncoding = 4; lastKnownFileType = sourcecode.c.h; path = crypto_stream_chacha20.h; sourceTree = "<group>"; };
		39696F3C228FE2D5003084BD /* crypto_stream_xsalsa20.h */ = {isa = PBXFileReference; fileEncoding = 4; lastKnownFileType = sourcecode.c.h; path = crypto_stream_xsalsa20.h; sourceTree = "<group>"; };
		39696F3D228FE2D5003084BD /* crypto_core_hsalsa20.h */ = {isa = PBXFileReference; fileEncoding = 4; lastKnownFileType = sourcecode.c.h; path = crypto_core_hsalsa20.h; sourceTree = "<group>"; };
		39696F3E228FE2D5003084BD /* crypto_kdf_blake2b.h */ = {isa = PBXFileReference; fileEncoding = 4; lastKnownFileType = sourcecode.c.h; path = crypto_kdf_blake2b.h; sourceTree = "<group>"; };
		39696F3F228FE2D5003084BD /* crypto_scalarmult_curve25519.h */ = {isa = PBXFileReference; fileEncoding = 4; lastKnownFileType = sourcecode.c.h; path = crypto_scalarmult_curve25519.h; sourceTree = "<group>"; };
		39696F40228FE2D5003084BD /* crypto_shorthash.h */ = {isa = PBXFileReference; fileEncoding = 4; lastKnownFileType = sourcecode.c.h; path = crypto_shorthash.h; sourceTree = "<group>"; };
		39696F41228FE2D5003084BD /* crypto_pwhash_argon2id.h */ = {isa = PBXFileReference; fileEncoding = 4; lastKnownFileType = sourcecode.c.h; path = crypto_pwhash_argon2id.h; sourceTree = "<group>"; };
		39696F42228FE2D5003084BD /* crypto_secretstream_xchacha20poly1305.h */ = {isa = PBXFileReference; fileEncoding = 4; lastKnownFileType = sourcecode.c.h; path = crypto_secretstream_xchacha20poly1305.h; sourceTree = "<group>"; };
		39696F43228FE2D5003084BD /* crypto_pwhash_scryptsalsa208sha256.h */ = {isa = PBXFileReference; fileEncoding = 4; lastKnownFileType = sourcecode.c.h; path = crypto_pwhash_scryptsalsa208sha256.h; sourceTree = "<group>"; };
		39696F44228FE2D5003084BD /* crypto_sign_ed25519.h */ = {isa = PBXFileReference; fileEncoding = 4; lastKnownFileType = sourcecode.c.h; path = crypto_sign_ed25519.h; sourceTree = "<group>"; };
		39696F45228FE2D5003084BD /* crypto_onetimeauth.h */ = {isa = PBXFileReference; fileEncoding = 4; lastKnownFileType = sourcecode.c.h; path = crypto_onetimeauth.h; sourceTree = "<group>"; };
		39696F46228FE2D5003084BD /* crypto_verify_64.h */ = {isa = PBXFileReference; fileEncoding = 4; lastKnownFileType = sourcecode.c.h; path = crypto_verify_64.h; sourceTree = "<group>"; };
		39696F47228FE2D5003084BD /* crypto_box_curve25519xchacha20poly1305.h */ = {isa = PBXFileReference; fileEncoding = 4; lastKnownFileType = sourcecode.c.h; path = crypto_box_curve25519xchacha20poly1305.h; sourceTree = "<group>"; };
		39696F48228FE2D5003084BD /* crypto_core_ed25519.h */ = {isa = PBXFileReference; fileEncoding = 4; lastKnownFileType = sourcecode.c.h; path = crypto_core_ed25519.h; sourceTree = "<group>"; };
		39696F49228FE2D5003084BD /* crypto_pwhash_argon2i.h */ = {isa = PBXFileReference; fileEncoding = 4; lastKnownFileType = sourcecode.c.h; path = crypto_pwhash_argon2i.h; sourceTree = "<group>"; };
		39696F4A228FE2D5003084BD /* crypto_generichash.h */ = {isa = PBXFileReference; fileEncoding = 4; lastKnownFileType = sourcecode.c.h; path = crypto_generichash.h; sourceTree = "<group>"; };
		39696F4B228FE2D5003084BD /* crypto_secretbox_xsalsa20poly1305.h */ = {isa = PBXFileReference; fileEncoding = 4; lastKnownFileType = sourcecode.c.h; path = crypto_secretbox_xsalsa20poly1305.h; sourceTree = "<group>"; };
		39696F4C228FE2D5003084BD /* crypto_secretbox.h */ = {isa = PBXFileReference; fileEncoding = 4; lastKnownFileType = sourcecode.c.h; path = crypto_secretbox.h; sourceTree = "<group>"; };
		39696F4D228FE2D5003084BD /* crypto_scalarmult_ed25519.h */ = {isa = PBXFileReference; fileEncoding = 4; lastKnownFileType = sourcecode.c.h; path = crypto_scalarmult_ed25519.h; sourceTree = "<group>"; };
		39696F4E228FE2D5003084BD /* crypto_box_curve25519xsalsa20poly1305.h */ = {isa = PBXFileReference; fileEncoding = 4; lastKnownFileType = sourcecode.c.h; path = crypto_box_curve25519xsalsa20poly1305.h; sourceTree = "<group>"; };
		39696F4F228FE2D5003084BD /* crypto_generichash_blake2b.h */ = {isa = PBXFileReference; fileEncoding = 4; lastKnownFileType = sourcecode.c.h; path = crypto_generichash_blake2b.h; sourceTree = "<group>"; };
		39696F50228FE2D5003084BD /* crypto_sign_edwards25519sha512batch.h */ = {isa = PBXFileReference; fileEncoding = 4; lastKnownFileType = sourcecode.c.h; path = crypto_sign_edwards25519sha512batch.h; sourceTree = "<group>"; };
		39696F51228FE2D5003084BD /* sodium.h */ = {isa = PBXFileReference; fileEncoding = 4; lastKnownFileType = sourcecode.c.h; path = sodium.h; sourceTree = "<group>"; };
		39696F53228FE2D5003084BD /* libsodium.a */ = {isa = PBXFileReference; lastKnownFileType = archive.ar; path = libsodium.a; sourceTree = "<group>"; };
		39696F55228FE4CB003084BD /* X25519Key.h */ = {isa = PBXFileReference; lastKnownFileType = sourcecode.c.h; path = X25519Key.h; sourceTree = "<group>"; };
		39696F56228FE4CB003084BD /* X25519Key.m */ = {isa = PBXFileReference; lastKnownFileType = sourcecode.c.objc; path = X25519Key.m; sourceTree = "<group>"; };
		39696F5C228FED93003084BD /* NSData+Helper.h */ = {isa = PBXFileReference; lastKnownFileType = sourcecode.c.h; path = "NSData+Helper.h"; sourceTree = "<group>"; };
		39696F5D228FED93003084BD /* NSData+Helper.m */ = {isa = PBXFileReference; lastKnownFileType = sourcecode.c.objc; path = "NSData+Helper.m"; sourceTree = "<group>"; };
		39696F5F228FF548003084BD /* NSString+Helper.h */ = {isa = PBXFileReference; lastKnownFileType = sourcecode.c.h; path = "NSString+Helper.h"; sourceTree = "<group>"; };
		39696F60228FF548003084BD /* NSString+Helper.m */ = {isa = PBXFileReference; lastKnownFileType = sourcecode.c.objc; path = "NSString+Helper.m"; sourceTree = "<group>"; };
		39696F632290910B003084BD /* X25519KeySpec.m */ = {isa = PBXFileReference; lastKnownFileType = sourcecode.c.objc; path = X25519KeySpec.m; sourceTree = "<group>"; };
/* End PBXFileReference section */

/* Begin PBXFrameworksBuildPhase section */
		39696EE2228FD90E003084BD /* Frameworks */ = {
			isa = PBXFrameworksBuildPhase;
			buildActionMask = 2147483647;
			files = (
				39696F54228FE2D5003084BD /* libsodium.a in Frameworks */,
			);
			runOnlyForDeploymentPostprocessing = 0;
		};
		39696EFA228FD90F003084BD /* Frameworks */ = {
			isa = PBXFrameworksBuildPhase;
			buildActionMask = 2147483647;
			files = (
			);
			runOnlyForDeploymentPostprocessing = 0;
		};
/* End PBXFrameworksBuildPhase section */

/* Begin PBXGroup section */
		39696EDC228FD90E003084BD = {
			isa = PBXGroup;
			children = (
				39696EE7228FD90E003084BD /* AgeMobileClient */,
				39696F00228FD90F003084BD /* AgeMobileClientTests */,
				39696EE6228FD90E003084BD /* Products */,
			);
			sourceTree = "<group>";
		};
		39696EE6228FD90E003084BD /* Products */ = {
			isa = PBXGroup;
			children = (
				39696EE5228FD90E003084BD /* AgeMobileClient.app */,
				39696EFD228FD90F003084BD /* AgeMobileClientTests.xctest */,
			);
			name = Products;
			sourceTree = "<group>";
		};
		39696EE7228FD90E003084BD /* AgeMobileClient */ = {
			isa = PBXGroup;
			children = (
				39696F58228FECFB003084BD /* Categories */,
				39696F11228FE2C1003084BD /* Libraries */,
				39696F10228FD968003084BD /* Models */,
				39696F0F228FD95F003084BD /* Views */,
				39696F0E228FD958003084BD /* Controllers */,
				39696EE8228FD90E003084BD /* AppDelegate.h */,
				39696EE9228FD90E003084BD /* AppDelegate.m */,
				39696EF1228FD90F003084BD /* Assets.xcassets */,
				39696EF3228FD90F003084BD /* LaunchScreen.storyboard */,
				39696EF6228FD90F003084BD /* Info.plist */,
				39696EF7228FD90F003084BD /* main.m */,
			);
			path = AgeMobileClient;
			sourceTree = "<group>";
		};
		39696F00228FD90F003084BD /* AgeMobileClientTests */ = {
			isa = PBXGroup;
			children = (
				39696F03228FD90F003084BD /* Info.plist */,
				39696F632290910B003084BD /* X25519KeySpec.m */,
			);
			path = AgeMobileClientTests;
			sourceTree = "<group>";
		};
		39696F0E228FD958003084BD /* Controllers */ = {
			isa = PBXGroup;
			children = (
				39696EEB228FD90E003084BD /* MainViewController.h */,
				39696EEC228FD90E003084BD /* MainViewController.m */,
			);
			path = Controllers;
			sourceTree = "<group>";
		};
		39696F0F228FD95F003084BD /* Views */ = {
			isa = PBXGroup;
			children = (
				39696EEE228FD90E003084BD /* Main.storyboard */,
			);
			path = Views;
			sourceTree = "<group>";
		};
		39696F10228FD968003084BD /* Models */ = {
			isa = PBXGroup;
			children = (
				39696F55228FE4CB003084BD /* X25519Key.h */,
				39696F56228FE4CB003084BD /* X25519Key.m */,
			);
			path = Models;
			sourceTree = "<group>";
		};
		39696F11228FE2C1003084BD /* Libraries */ = {
			isa = PBXGroup;
			children = (
				39696F12228FE2D5003084BD /* libsodium-ios */,
			);
			path = Libraries;
			sourceTree = "<group>";
		};
		39696F12228FE2D5003084BD /* libsodium-ios */ = {
			isa = PBXGroup;
			children = (
				39696F13228FE2D5003084BD /* include */,
				39696F52228FE2D5003084BD /* lib */,
			);
			path = "libsodium-ios";
			sourceTree = "<group>";
		};
		39696F13228FE2D5003084BD /* include */ = {
			isa = PBXGroup;
			children = (
				39696F14228FE2D5003084BD /* sodium */,
				39696F51228FE2D5003084BD /* sodium.h */,
			);
			path = include;
			sourceTree = "<group>";
		};
		39696F14228FE2D5003084BD /* sodium */ = {
			isa = PBXGroup;
			children = (
				39696F15228FE2D5003084BD /* crypto_stream_salsa2012.h */,
				39696F16228FE2D5003084BD /* crypto_auth.h */,
				39696F17228FE2D5003084BD /* utils.h */,
				39696F18228FE2D5003084BD /* crypto_core_hchacha20.h */,
				39696F19228FE2D5003084BD /* crypto_hash_sha512.h */,
				39696F1A228FE2D5003084BD /* core.h */,
				39696F1B228FE2D5003084BD /* version.h */,
				39696F1C228FE2D5003084BD /* export.h */,
				39696F1D228FE2D5003084BD /* randombytes_salsa20_random.h */,
				39696F1E228FE2D5003084BD /* crypto_core_salsa20.h */,
				39696F1F228FE2D5003084BD /* crypto_shorthash_siphash24.h */,
				39696F20228FE2D5003084BD /* randombytes.h */,
				39696F21228FE2D5003084BD /* crypto_hash_sha256.h */,
				39696F22228FE2D5003084BD /* crypto_stream.h */,
				39696F23228FE2D5003084BD /* crypto_auth_hmacsha512.h */,
				39696F24228FE2D5003084BD /* crypto_aead_xchacha20poly1305.h */,
				39696F25228FE2D5003084BD /* crypto_stream_salsa20.h */,
				39696F26228FE2D5003084BD /* crypto_onetimeauth_poly1305.h */,
				39696F27228FE2D5003084BD /* crypto_kx.h */,
				39696F28228FE2D5003084BD /* crypto_hash.h */,
				39696F29228FE2D5003084BD /* crypto_sign.h */,
				39696F2A228FE2D5003084BD /* crypto_kdf.h */,
				39696F2B228FE2D5003084BD /* crypto_auth_hmacsha256.h */,
				39696F2C228FE2D5003084BD /* crypto_box.h */,
				39696F2D228FE2D5003084BD /* crypto_verify_32.h */,
				39696F2E228FE2D5003084BD /* crypto_stream_xchacha20.h */,
				39696F2F228FE2D5003084BD /* crypto_core_salsa208.h */,
				39696F30228FE2D5003084BD /* crypto_auth_hmacsha512256.h */,
				39696F31228FE2D5003084BD /* crypto_aead_chacha20poly1305.h */,
				39696F32228FE2D5003084BD /* randombytes_sysrandom.h */,
				39696F33228FE2D5003084BD /* runtime.h */,
				39696F34228FE2D5003084BD /* crypto_stream_salsa208.h */,
				39696F35228FE2D5003084BD /* crypto_aead_aes256gcm.h */,
				39696F36228FE2D5003084BD /* crypto_core_salsa2012.h */,
				39696F37228FE2D5003084BD /* crypto_secretbox_xchacha20poly1305.h */,
				39696F38228FE2D5003084BD /* crypto_scalarmult.h */,
				39696F39228FE2D5003084BD /* crypto_pwhash.h */,
				39696F3A228FE2D5003084BD /* crypto_verify_16.h */,
				39696F3B228FE2D5003084BD /* crypto_stream_chacha20.h */,
				39696F3C228FE2D5003084BD /* crypto_stream_xsalsa20.h */,
				39696F3D228FE2D5003084BD /* crypto_core_hsalsa20.h */,
				39696F3E228FE2D5003084BD /* crypto_kdf_blake2b.h */,
				39696F3F228FE2D5003084BD /* crypto_scalarmult_curve25519.h */,
				39696F40228FE2D5003084BD /* crypto_shorthash.h */,
				39696F41228FE2D5003084BD /* crypto_pwhash_argon2id.h */,
				39696F42228FE2D5003084BD /* crypto_secretstream_xchacha20poly1305.h */,
				39696F43228FE2D5003084BD /* crypto_pwhash_scryptsalsa208sha256.h */,
				39696F44228FE2D5003084BD /* crypto_sign_ed25519.h */,
				39696F45228FE2D5003084BD /* crypto_onetimeauth.h */,
				39696F46228FE2D5003084BD /* crypto_verify_64.h */,
				39696F47228FE2D5003084BD /* crypto_box_curve25519xchacha20poly1305.h */,
				39696F48228FE2D5003084BD /* crypto_core_ed25519.h */,
				39696F49228FE2D5003084BD /* crypto_pwhash_argon2i.h */,
				39696F4A228FE2D5003084BD /* crypto_generichash.h */,
				39696F4B228FE2D5003084BD /* crypto_secretbox_xsalsa20poly1305.h */,
				39696F4C228FE2D5003084BD /* crypto_secretbox.h */,
				39696F4D228FE2D5003084BD /* crypto_scalarmult_ed25519.h */,
				39696F4E228FE2D5003084BD /* crypto_box_curve25519xsalsa20poly1305.h */,
				39696F4F228FE2D5003084BD /* crypto_generichash_blake2b.h */,
				39696F50228FE2D5003084BD /* crypto_sign_edwards25519sha512batch.h */,
			);
			path = sodium;
			sourceTree = "<group>";
		};
		39696F52228FE2D5003084BD /* lib */ = {
			isa = PBXGroup;
			children = (
				39696F53228FE2D5003084BD /* libsodium.a */,
			);
			path = lib;
			sourceTree = "<group>";
		};
		39696F58228FECFB003084BD /* Categories */ = {
			isa = PBXGroup;
			children = (
				39696F5C228FED93003084BD /* NSData+Helper.h */,
				39696F5D228FED93003084BD /* NSData+Helper.m */,
				39696F5F228FF548003084BD /* NSString+Helper.h */,
				39696F60228FF548003084BD /* NSString+Helper.m */,
			);
			path = Categories;
			sourceTree = "<group>";
		};
/* End PBXGroup section */

/* Begin PBXNativeTarget section */
		39696EE4228FD90E003084BD /* AgeMobileClient */ = {
			isa = PBXNativeTarget;
			buildConfigurationList = 39696F06228FD90F003084BD /* Build configuration list for PBXNativeTarget "AgeMobileClient" */;
			buildPhases = (
				39696EE1228FD90E003084BD /* Sources */,
				39696EE2228FD90E003084BD /* Frameworks */,
				39696EE3228FD90E003084BD /* Resources */,
			);
			buildRules = (
			);
			dependencies = (
			);
			name = AgeMobileClient;
			productName = AgeMobileClient;
			productReference = 39696EE5228FD90E003084BD /* AgeMobileClient.app */;
			productType = "com.apple.product-type.application";
		};
		39696EFC228FD90F003084BD /* AgeMobileClientTests */ = {
			isa = PBXNativeTarget;
			buildConfigurationList = 39696F09228FD90F003084BD /* Build configuration list for PBXNativeTarget "AgeMobileClientTests" */;
			buildPhases = (
				39696EF9228FD90F003084BD /* Sources */,
				39696EFA228FD90F003084BD /* Frameworks */,
				39696EFB228FD90F003084BD /* Resources */,
			);
			buildRules = (
			);
			dependencies = (
				39696EFF228FD90F003084BD /* PBXTargetDependency */,
			);
			name = AgeMobileClientTests;
			productName = AgeMobileClientTests;
			productReference = 39696EFD228FD90F003084BD /* AgeMobileClientTests.xctest */;
			productType = "com.apple.product-type.bundle.unit-test";
		};
/* End PBXNativeTarget section */

/* Begin PBXProject section */
		39696EDD228FD90E003084BD /* Project object */ = {
			isa = PBXProject;
			attributes = {
				LastUpgradeCheck = 1020;
				ORGANIZATIONNAME = "Ivan Rodriguez";
				TargetAttributes = {
					39696EE4228FD90E003084BD = {
						CreatedOnToolsVersion = 10.2.1;
					};
					39696EFC228FD90F003084BD = {
						CreatedOnToolsVersion = 10.2.1;
						TestTargetID = 39696EE4228FD90E003084BD;
					};
				};
			};
			buildConfigurationList = 39696EE0228FD90E003084BD /* Build configuration list for PBXProject "AgeMobileClient" */;
			compatibilityVersion = "Xcode 9.3";
			developmentRegion = en;
			hasScannedForEncodings = 0;
			knownRegions = (
				en,
				Base,
			);
			mainGroup = 39696EDC228FD90E003084BD;
			productRefGroup = 39696EE6228FD90E003084BD /* Products */;
			projectDirPath = "";
			projectRoot = "";
			targets = (
				39696EE4228FD90E003084BD /* AgeMobileClient */,
				39696EFC228FD90F003084BD /* AgeMobileClientTests */,
			);
		};
/* End PBXProject section */

/* Begin PBXResourcesBuildPhase section */
		39696EE3228FD90E003084BD /* Resources */ = {
			isa = PBXResourcesBuildPhase;
			buildActionMask = 2147483647;
			files = (
				39696EF5228FD90F003084BD /* LaunchScreen.storyboard in Resources */,
				39696EF2228FD90F003084BD /* Assets.xcassets in Resources */,
				39696EF0228FD90E003084BD /* Main.storyboard in Resources */,
			);
			runOnlyForDeploymentPostprocessing = 0;
		};
		39696EFB228FD90F003084BD /* Resources */ = {
			isa = PBXResourcesBuildPhase;
			buildActionMask = 2147483647;
			files = (
			);
			runOnlyForDeploymentPostprocessing = 0;
		};
/* End PBXResourcesBuildPhase section */

/* Begin PBXSourcesBuildPhase section */
		39696EE1228FD90E003084BD /* Sources */ = {
			isa = PBXSourcesBuildPhase;
			buildActionMask = 2147483647;
			files = (
				39696EED228FD90E003084BD /* MainViewController.m in Sources */,
				39696F5E228FED93003084BD /* NSData+Helper.m in Sources */,
				39696F57228FE4CB003084BD /* X25519Key.m in Sources */,
				39696EF8228FD90F003084BD /* main.m in Sources */,
				39696EEA228FD90E003084BD /* AppDelegate.m in Sources */,
				39696F61228FF548003084BD /* NSString+Helper.m in Sources */,
			);
			runOnlyForDeploymentPostprocessing = 0;
		};
		39696EF9228FD90F003084BD /* Sources */ = {
			isa = PBXSourcesBuildPhase;
			buildActionMask = 2147483647;
			files = (
				39696F642290910B003084BD /* X25519KeySpec.m in Sources */,
			);
			runOnlyForDeploymentPostprocessing = 0;
		};
/* End PBXSourcesBuildPhase section */

/* Begin PBXTargetDependency section */
		39696EFF228FD90F003084BD /* PBXTargetDependency */ = {
			isa = PBXTargetDependency;
			target = 39696EE4228FD90E003084BD /* AgeMobileClient */;
			targetProxy = 39696EFE228FD90F003084BD /* PBXContainerItemProxy */;
		};
/* End PBXTargetDependency section */

/* Begin PBXVariantGroup section */
		39696EEE228FD90E003084BD /* Main.storyboard */ = {
			isa = PBXVariantGroup;
			children = (
				39696EEF228FD90E003084BD /* Base */,
			);
			name = Main.storyboard;
			sourceTree = "<group>";
		};
		39696EF3228FD90F003084BD /* LaunchScreen.storyboard */ = {
			isa = PBXVariantGroup;
			children = (
				39696EF4228FD90F003084BD /* Base */,
			);
			name = LaunchScreen.storyboard;
			sourceTree = "<group>";
		};
/* End PBXVariantGroup section */

/* Begin XCBuildConfiguration section */
		39696F04228FD90F003084BD /* Debug */ = {
			isa = XCBuildConfiguration;
			buildSettings = {
				ALWAYS_SEARCH_USER_PATHS = NO;
				CLANG_ANALYZER_NONNULL = YES;
				CLANG_ANALYZER_NUMBER_OBJECT_CONVERSION = YES_AGGRESSIVE;
				CLANG_CXX_LANGUAGE_STANDARD = "gnu++14";
				CLANG_CXX_LIBRARY = "libc++";
				CLANG_ENABLE_MODULES = YES;
				CLANG_ENABLE_OBJC_ARC = YES;
				CLANG_ENABLE_OBJC_WEAK = YES;
				CLANG_WARN_BLOCK_CAPTURE_AUTORELEASING = YES;
				CLANG_WARN_BOOL_CONVERSION = YES;
				CLANG_WARN_COMMA = YES;
				CLANG_WARN_CONSTANT_CONVERSION = YES;
				CLANG_WARN_DEPRECATED_OBJC_IMPLEMENTATIONS = YES;
				CLANG_WARN_DIRECT_OBJC_ISA_USAGE = YES_ERROR;
				CLANG_WARN_DOCUMENTATION_COMMENTS = YES;
				CLANG_WARN_EMPTY_BODY = YES;
				CLANG_WARN_ENUM_CONVERSION = YES;
				CLANG_WARN_INFINITE_RECURSION = YES;
				CLANG_WARN_INT_CONVERSION = YES;
				CLANG_WARN_NON_LITERAL_NULL_CONVERSION = YES;
				CLANG_WARN_OBJC_IMPLICIT_RETAIN_SELF = YES;
				CLANG_WARN_OBJC_LITERAL_CONVERSION = YES;
				CLANG_WARN_OBJC_ROOT_CLASS = YES_ERROR;
				CLANG_WARN_RANGE_LOOP_ANALYSIS = YES;
				CLANG_WARN_STRICT_PROTOTYPES = YES;
				CLANG_WARN_SUSPICIOUS_MOVE = YES;
				CLANG_WARN_UNGUARDED_AVAILABILITY = YES_AGGRESSIVE;
				CLANG_WARN_UNREACHABLE_CODE = YES;
				CLANG_WARN__DUPLICATE_METHOD_MATCH = YES;
				CODE_SIGN_IDENTITY = "iPhone Developer";
				COPY_PHASE_STRIP = NO;
				DEBUG_INFORMATION_FORMAT = dwarf;
				ENABLE_STRICT_OBJC_MSGSEND = YES;
				ENABLE_TESTABILITY = YES;
				GCC_C_LANGUAGE_STANDARD = gnu11;
				GCC_DYNAMIC_NO_PIC = NO;
				GCC_NO_COMMON_BLOCKS = YES;
				GCC_OPTIMIZATION_LEVEL = 0;
				GCC_PREPROCESSOR_DEFINITIONS = (
					"DEBUG=1",
					"$(inherited)",
				);
				GCC_WARN_64_TO_32_BIT_CONVERSION = YES;
				GCC_WARN_ABOUT_RETURN_TYPE = YES_ERROR;
				GCC_WARN_UNDECLARED_SELECTOR = YES;
				GCC_WARN_UNINITIALIZED_AUTOS = YES_AGGRESSIVE;
				GCC_WARN_UNUSED_FUNCTION = YES;
				GCC_WARN_UNUSED_VARIABLE = YES;
				IPHONEOS_DEPLOYMENT_TARGET = 12.2;
				MTL_ENABLE_DEBUG_INFO = INCLUDE_SOURCE;
				MTL_FAST_MATH = YES;
				ONLY_ACTIVE_ARCH = YES;
				SDKROOT = iphoneos;
			};
			name = Debug;
		};
		39696F05228FD90F003084BD /* Release */ = {
			isa = XCBuildConfiguration;
			buildSettings = {
				ALWAYS_SEARCH_USER_PATHS = NO;
				CLANG_ANALYZER_NONNULL = YES;
				CLANG_ANALYZER_NUMBER_OBJECT_CONVERSION = YES_AGGRESSIVE;
				CLANG_CXX_LANGUAGE_STANDARD = "gnu++14";
				CLANG_CXX_LIBRARY = "libc++";
				CLANG_ENABLE_MODULES = YES;
				CLANG_ENABLE_OBJC_ARC = YES;
				CLANG_ENABLE_OBJC_WEAK = YES;
				CLANG_WARN_BLOCK_CAPTURE_AUTORELEASING = YES;
				CLANG_WARN_BOOL_CONVERSION = YES;
				CLANG_WARN_COMMA = YES;
				CLANG_WARN_CONSTANT_CONVERSION = YES;
				CLANG_WARN_DEPRECATED_OBJC_IMPLEMENTATIONS = YES;
				CLANG_WARN_DIRECT_OBJC_ISA_USAGE = YES_ERROR;
				CLANG_WARN_DOCUMENTATION_COMMENTS = YES;
				CLANG_WARN_EMPTY_BODY = YES;
				CLANG_WARN_ENUM_CONVERSION = YES;
				CLANG_WARN_INFINITE_RECURSION = YES;
				CLANG_WARN_INT_CONVERSION = YES;
				CLANG_WARN_NON_LITERAL_NULL_CONVERSION = YES;
				CLANG_WARN_OBJC_IMPLICIT_RETAIN_SELF = YES;
				CLANG_WARN_OBJC_LITERAL_CONVERSION = YES;
				CLANG_WARN_OBJC_ROOT_CLASS = YES_ERROR;
				CLANG_WARN_RANGE_LOOP_ANALYSIS = YES;
				CLANG_WARN_STRICT_PROTOTYPES = YES;
				CLANG_WARN_SUSPICIOUS_MOVE = YES;
				CLANG_WARN_UNGUARDED_AVAILABILITY = YES_AGGRESSIVE;
				CLANG_WARN_UNREACHABLE_CODE = YES;
				CLANG_WARN__DUPLICATE_METHOD_MATCH = YES;
				CODE_SIGN_IDENTITY = "iPhone Developer";
				COPY_PHASE_STRIP = NO;
				DEBUG_INFORMATION_FORMAT = "dwarf-with-dsym";
				ENABLE_NS_ASSERTIONS = NO;
				ENABLE_STRICT_OBJC_MSGSEND = YES;
				GCC_C_LANGUAGE_STANDARD = gnu11;
				GCC_NO_COMMON_BLOCKS = YES;
				GCC_WARN_64_TO_32_BIT_CONVERSION = YES;
				GCC_WARN_ABOUT_RETURN_TYPE = YES_ERROR;
				GCC_WARN_UNDECLARED_SELECTOR = YES;
				GCC_WARN_UNINITIALIZED_AUTOS = YES_AGGRESSIVE;
				GCC_WARN_UNUSED_FUNCTION = YES;
				GCC_WARN_UNUSED_VARIABLE = YES;
				IPHONEOS_DEPLOYMENT_TARGET = 12.2;
				MTL_ENABLE_DEBUG_INFO = NO;
				MTL_FAST_MATH = YES;
				SDKROOT = iphoneos;
				VALIDATE_PRODUCT = YES;
			};
			name = Release;
		};
		39696F07228FD90F003084BD /* Debug */ = {
			isa = XCBuildConfiguration;
			buildSettings = {
				ASSETCATALOG_COMPILER_APPICON_NAME = AppIcon;
				CODE_SIGN_STYLE = Automatic;
				DEVELOPMENT_TEAM = 5S2KV4J28S;
				INFOPLIST_FILE = AgeMobileClient/Info.plist;
				LD_RUNPATH_SEARCH_PATHS = (
					"$(inherited)",
					"@executable_path/Frameworks",
				);
				LIBRARY_SEARCH_PATHS = (
					"$(inherited)",
					"$(PROJECT_DIR)/AgeMobileClient/Libraries/libsodium-ios/lib",
				);
				PRODUCT_BUNDLE_IDENTIFIER = com.ivrodriguez.AgeMobileClient;
				PRODUCT_NAME = "$(TARGET_NAME)";
				TARGETED_DEVICE_FAMILY = "1,2";
			};
			name = Debug;
		};
		39696F08228FD90F003084BD /* Release */ = {
			isa = XCBuildConfiguration;
			buildSettings = {
				ASSETCATALOG_COMPILER_APPICON_NAME = AppIcon;
				CODE_SIGN_STYLE = Automatic;
				DEVELOPMENT_TEAM = 5S2KV4J28S;
				INFOPLIST_FILE = AgeMobileClient/Info.plist;
				LD_RUNPATH_SEARCH_PATHS = (
					"$(inherited)",
					"@executable_path/Frameworks",
				);
				LIBRARY_SEARCH_PATHS = (
					"$(inherited)",
					"$(PROJECT_DIR)/AgeMobileClient/Libraries/libsodium-ios/lib",
				);
				PRODUCT_BUNDLE_IDENTIFIER = com.ivrodriguez.AgeMobileClient;
				PRODUCT_NAME = "$(TARGET_NAME)";
				TARGETED_DEVICE_FAMILY = "1,2";
			};
			name = Release;
		};
		39696F0A228FD90F003084BD /* Debug */ = {
			isa = XCBuildConfiguration;
			buildSettings = {
				BUNDLE_LOADER = "$(TEST_HOST)";
				CODE_SIGN_STYLE = Automatic;
				DEVELOPMENT_TEAM = 5S2KV4J28S;
				INFOPLIST_FILE = AgeMobileClientTests/Info.plist;
				LD_RUNPATH_SEARCH_PATHS = (
					"$(inherited)",
					"@executable_path/Frameworks",
					"@loader_path/Frameworks",
				);
				PRODUCT_BUNDLE_IDENTIFIER = com.ivrodriguez.AgeMobileClientTests;
				PRODUCT_NAME = "$(TARGET_NAME)";
				TARGETED_DEVICE_FAMILY = "1,2";
				TEST_HOST = "$(BUILT_PRODUCTS_DIR)/AgeMobileClient.app/AgeMobileClient";
			};
			name = Debug;
		};
		39696F0B228FD90F003084BD /* Release */ = {
			isa = XCBuildConfiguration;
			buildSettings = {
				BUNDLE_LOADER = "$(TEST_HOST)";
				CODE_SIGN_STYLE = Automatic;
				DEVELOPMENT_TEAM = 5S2KV4J28S;
				INFOPLIST_FILE = AgeMobileClientTests/Info.plist;
				LD_RUNPATH_SEARCH_PATHS = (
					"$(inherited)",
					"@executable_path/Frameworks",
					"@loader_path/Frameworks",
				);
				PRODUCT_BUNDLE_IDENTIFIER = com.ivrodriguez.AgeMobileClientTests;
				PRODUCT_NAME = "$(TARGET_NAME)";
				TARGETED_DEVICE_FAMILY = "1,2";
				TEST_HOST = "$(BUILT_PRODUCTS_DIR)/AgeMobileClient.app/AgeMobileClient";
			};
			name = Release;
		};
/* End XCBuildConfiguration section */

/* Begin XCConfigurationList section */
		39696EE0228FD90E003084BD /* Build configuration list for PBXProject "AgeMobileClient" */ = {
			isa = XCConfigurationList;
			buildConfigurations = (
				39696F04228FD90F003084BD /* Debug */,
				39696F05228FD90F003084BD /* Release */,
			);
			defaultConfigurationIsVisible = 0;
			defaultConfigurationName = Release;
		};
		39696F06228FD90F003084BD /* Build configuration list for PBXNativeTarget "AgeMobileClient" */ = {
			isa = XCConfigurationList;
			buildConfigurations = (
				39696F07228FD90F003084BD /* Debug */,
				39696F08228FD90F003084BD /* Release */,
			);
			defaultConfigurationIsVisible = 0;
			defaultConfigurationName = Release;
		};
		39696F09228FD90F003084BD /* Build configuration list for PBXNativeTarget "AgeMobileClientTests" */ = {
			isa = XCConfigurationList;
			buildConfigurations = (
				39696F0A228FD90F003084BD /* Debug */,
				39696F0B228FD90F003084BD /* Release */,
			);
			defaultConfigurationIsVisible = 0;
			defaultConfigurationName = Release;
		};
/* End XCConfigurationList section */
	};
	rootObject = 39696EDD228FD90E003084BD /* Project object */;
}
